
Microsoft Visual Studio Solution File, Format Version 12.00
# Visual Studio Version 17
VisualStudioVersion = 17.5.33627.172
MinimumVisualStudioVersion = 10.0.40219.1
Project("{9A19103F-16F7-4668-BE54-9A1E7A4F7556}") = "MeetingPlannerUI", "source\UI\MeetingPlannerUI.csproj", "{FD0E5B91-86C9-4E51-87CA-A8ADF9EFEFBC}"
EndProject
Project("{9A19103F-16F7-4668-BE54-9A1E7A4F7556}") = "MeetingPlannerModel", "source\Model\MeetingPlannerModel.csproj", "{A5971C3B-B744-4783-9A93-DD2F1CA82928}"
EndProject
Project("{9A19103F-16F7-4668-BE54-9A1E7A4F7556}") = "MeetingPlannerDAL", "source\DAL\MeetingPlannerDAL.csproj", "{986C9E83-BB2D-45DF-8943-612D0A71A486}"
EndProject
Project("{9A19103F-16F7-4668-BE54-9A1E7A4F7556}") = "MeetingPlannerBL", "source\BL\MeetingPlannerBL.csproj", "{4681E74D-5EC7-463A-8B27-9E6C3C546B27}"
EndProject
Project("{9A19103F-16F7-4668-BE54-9A1E7A4F7556}") = "MeetingPlannerTest", "source\Test\MeetingPlannerTest.csproj", "{917FBD27-2270-42AF-A899-133FAA3E074A}"
EndProject
Global
	GlobalSection(SolutionConfigurationPlatforms) = preSolution
		Debug|Any CPU = Debug|Any CPU
		Release|Any CPU = Release|Any CPU
	EndGlobalSection
	GlobalSection(ProjectConfigurationPlatforms) = postSolution
		{FD0E5B91-86C9-4E51-87CA-A8ADF9EFEFBC}.Debug|Any CPU.ActiveCfg = Debug|Any CPU
		{FD0E5B91-86C9-4E51-87CA-A8ADF9EFEFBC}.Debug|Any CPU.Build.0 = Debug|Any CPU
		{FD0E5B91-86C9-4E51-87CA-A8ADF9EFEFBC}.Release|Any CPU.ActiveCfg = Release|Any CPU
		{FD0E5B91-86C9-4E51-87CA-A8ADF9EFEFBC}.Release|Any CPU.Build.0 = Release|Any CPU
		{A5971C3B-B744-4783-9A93-DD2F1CA82928}.Debug|Any CPU.ActiveCfg = Debug|Any CPU
		{A5971C3B-B744-4783-9A93-DD2F1CA82928}.Debug|Any CPU.Build.0 = Debug|Any CPU
		{A5971C3B-B744-4783-9A93-DD2F1CA82928}.Release|Any CPU.ActiveCfg = Release|Any CPU
		{A5971C3B-B744-4783-9A93-DD2F1CA82928}.Release|Any CPU.Build.0 = Release|Any CPU
		{986C9E83-BB2D-45DF-8943-612D0A71A486}.Debug|Any CPU.ActiveCfg = Debug|Any CPU
		{986C9E83-BB2D-45DF-8943-612D0A71A486}.Debug|Any CPU.Build.0 = Debug|Any CPU
		{986C9E83-BB2D-45DF-8943-612D0A71A486}.Release|Any CPU.ActiveCfg = Release|Any CPU
		{986C9E83-BB2D-45DF-8943-612D0A71A486}.Release|Any CPU.Build.0 = Release|Any CPU
		{4681E74D-5EC7-463A-8B27-9E6C3C546B27}.Debug|Any CPU.ActiveCfg = Debug|Any CPU
		{4681E74D-5EC7-463A-8B27-9E6C3C546B27}.Debug|Any CPU.Build.0 = Debug|Any CPU
		{4681E74D-5EC7-463A-8B27-9E6C3C546B27}.Release|Any CPU.ActiveCfg = Release|Any CPU
		{4681E74D-5EC7-463A-8B27-9E6C3C546B27}.Release|Any CPU.Build.0 = Release|Any CPU
		{917FBD27-2270-42AF-A899-133FAA3E074A}.Debug|Any CPU.ActiveCfg = Debug|Any CPU
		{917FBD27-2270-42AF-A899-133FAA3E074A}.Debug|Any CPU.Build.0 = Debug|Any CPU
		{917FBD27-2270-42AF-A899-133FAA3E074A}.Release|Any CPU.ActiveCfg = Release|Any CPU
		{917FBD27-2270-42AF-A899-133FAA3E074A}.Release|Any CPU.Build.0 = Release|Any CPU
	EndGlobalSection
	GlobalSection(SolutionProperties) = preSolution
		HideSolutionNode = FALSE
	EndGlobalSection
	GlobalSection(ExtensibilityGlobals) = postSolution
		SolutionGuid = {D37FDD4F-CB42-4B2C-B9EF-C78632B88DF1}
	EndGlobalSection
EndGlobal
